
Microsoft Visual Studio Solution File, Format Version 12.00
# Visual Studio Version 17
VisualStudioVersion = 17.5.33627.172
MinimumVisualStudioVersion = 10.0.40219.1
Project("{FAE04EC0-301F-11D3-BF4B-00C04F79EFBC}") = "OPC2AAS", "OPC2AAS\OPC2AAS.csproj", "{D06CBF29-97F3-4380-A156-2FC8B0A24F43}"
EndProject
Global
	GlobalSection(SolutionConfigurationPlatforms) = preSolution
		Debug|Any CPU = Debug|Any CPU
		Release|Any CPU = Release|Any CPU
	EndGlobalSection
	GlobalSection(ProjectConfigurationPlatforms) = postSolution
		{D06CBF29-97F3-4380-A156-2FC8B0A24F43}.Debug|Any CPU.ActiveCfg = Debug|Any CPU
		{D06CBF29-97F3-4380-A156-2FC8B0A24F43}.Debug|Any CPU.Build.0 = Debug|Any CPU
		{D06CBF29-97F3-4380-A156-2FC8B0A24F43}.Release|Any CPU.ActiveCfg = Release|Any CPU
		{D06CBF29-97F3-4380-A156-2FC8B0A24F43}.Release|Any CPU.Build.0 = Release|Any CPU
	EndGlobalSection
	GlobalSection(SolutionProperties) = preSolution
		HideSolutionNode = FALSE
	EndGlobalSection
	GlobalSection(ExtensibilityGlobals) = postSolution
		SolutionGuid = {81F8891E-FFEF-4CD6-815B-99AEA912727A}
	EndGlobalSection
EndGlobal
