
Microsoft Visual Studio Solution File, Format Version 12.00
# Visual Studio Version 16
VisualStudioVersion = 16.0.32002.261
MinimumVisualStudioVersion = 10.0.40219.1
Project("{9A19103F-16F7-4668-BE54-9A1E7A4F7556}") = "AAS-Generator", "AAS-Generator\AAS-Generator.csproj", "{F18FA386-77AB-47A9-ABE0-3B91B9424DBC}"
EndProject
Project("{9A19103F-16F7-4668-BE54-9A1E7A4F7556}") = "Registry", "Registry\Registry.csproj", "{99BA3821-ADE0-407C-9F87-399FBAFF6E37}"
EndProject
Global
	GlobalSection(SolutionConfigurationPlatforms) = preSolution
		Debug|Any CPU = Debug|Any CPU
		Release|Any CPU = Release|Any CPU
	EndGlobalSection
	GlobalSection(ProjectConfigurationPlatforms) = postSolution
		{F18FA386-77AB-47A9-ABE0-3B91B9424DBC}.Debug|Any CPU.ActiveCfg = Debug|Any CPU
		{F18FA386-77AB-47A9-ABE0-3B91B9424DBC}.Debug|Any CPU.Build.0 = Debug|Any CPU
		{F18FA386-77AB-47A9-ABE0-3B91B9424DBC}.Release|Any CPU.ActiveCfg = Release|Any CPU
		{F18FA386-77AB-47A9-ABE0-3B91B9424DBC}.Release|Any CPU.Build.0 = Release|Any CPU
		{99BA3821-ADE0-407C-9F87-399FBAFF6E37}.Debug|Any CPU.ActiveCfg = Debug|Any CPU
		{99BA3821-ADE0-407C-9F87-399FBAFF6E37}.Debug|Any CPU.Build.0 = Debug|Any CPU
		{99BA3821-ADE0-407C-9F87-399FBAFF6E37}.Release|Any CPU.ActiveCfg = Release|Any CPU
		{99BA3821-ADE0-407C-9F87-399FBAFF6E37}.Release|Any CPU.Build.0 = Release|Any CPU
	EndGlobalSection
	GlobalSection(SolutionProperties) = preSolution
		HideSolutionNode = FALSE
	EndGlobalSection
	GlobalSection(ExtensibilityGlobals) = postSolution
		SolutionGuid = {B3CE4703-8C8B-4AA2-A4C9-1FF6C3BBAB86}
	EndGlobalSection
EndGlobal
